// !$*UTF8*$!
{
	archiveVersion = 1;
	classes = {
	};
	objectVersion = 77;
	objects = {

/* Begin PBXBuildFile section */
		6502F8E0300B6BFC005D2A64 /* FirebaseAnalytics in Frameworks */ = {isa = PBXBuildFile; productRef = 6502F8DF300B6BFC005D2A64 /* FirebaseAnalytics */; };
		6502F8E2300B6BFC005D2A64 /* FirebaseRemoteConfig in Frameworks */ = {isa = PBXBuildFile; productRef = 6502F8E1300B6BFC005D2A64 /* FirebaseRemoteConfig */; };
		65D102F52FD032BD00081EB7 /* WidgetKit.framework in Frameworks */ = {isa = PBXBuildFile; fileRef = 65D102F42FD032BD00081EB7 /* WidgetKit.framework */; };
		65D102F72FD032BE00081EB7 /* SwiftUI.framework in Frameworks */ = {isa = PBXBuildFile; fileRef = 65D102F62FD032BD00081EB7 /* SwiftUI.framework */; };
		65D103082FD032C000081EB7 /* cueLiveActivityExtension.appex in Embed Foundation Extensions */ = {isa = PBXBuildFile; fileRef = 65D102F22FD032BD00081EB7 /* cueLiveActivityExtension.appex */; settings = {ATTRIBUTES = (RemoveHeadersOnCopy, ); }; };
/* End PBXBuildFile section */

/* Begin PBXContainerItemProxy section */
		6579AF622FBDEB7800393459 /* PBXContainerItemProxy */ = {
			isa = PBXContainerItemProxy;
			containerPortal = 6579AF4C2FBDEB7600393459 /* Project object */;
			proxyType = 1;
			remoteGlobalIDString = 6579AF532FBDEB7600393459;
			remoteInfo = cue;
		};
		65D103062FD032C000081EB7 /* PBXContainerItemProxy */ = {
			isa = PBXContainerItemProxy;
			containerPortal = 6579AF4C2FBDEB7600393459 /* Project object */;
			proxyType = 1;
			remoteGlobalIDString = 65D102F12FD032BD00081EB7;
			remoteInfo = cueLiveActivityExtension;
		};
/* End PBXContainerItemProxy section */

/* Begin PBXCopyFilesBuildPhase section */
		65D103092FD032C000081EB7 /* Embed Foundation Extensions */ = {
			isa = PBXCopyFilesBuildPhase;
			buildActionMask = 2147483647;
			dstPath = "";
			dstSubfolderSpec = 13;
			files = (
				65D103082FD032C000081EB7 /* cueLiveActivityExtension.appex in Embed Foundation Extensions */,
			);
			name = "Embed Foundation Extensions";
			runOnlyForDeploymentPostprocessing = 0;
		};
/* End PBXCopyFilesBuildPhase section */

/* Begin PBXFileReference section */
		6579AF542FBDEB7700393459 /* cue.app */ = {isa = PBXFileReference; explicitFileType = wrapper.application; includeInIndex = 0; path = cue.app; sourceTree = BUILT_PRODUCTS_DIR; };
		6579AF612FBDEB7800393459 /* cueTests.xctest */ = {isa = PBXFileReference; explicitFileType = wrapper.cfbundle; includeInIndex = 0; path = cueTests.xctest; sourceTree = BUILT_PRODUCTS_DIR; };
		65D102F22FD032BD00081EB7 /* cueLiveActivityExtension.appex */ = {isa = PBXFileReference; explicitFileType = "wrapper.app-extension"; includeInIndex = 0; path = cueLiveActivityExtension.appex; sourceTree = BUILT_PRODUCTS_DIR; };
		65D102F42FD032BD00081EB7 /* WidgetKit.framework */ = {isa = PBXFileReference; lastKnownFileType = wrapper.framework; name = WidgetKit.framework; path = System/Library/Frameworks/WidgetKit.framework; sourceTree = SDKROOT; };
		65D102F62FD032BD00081EB7 /* SwiftUI.framework */ = {isa = PBXFileReference; lastKnownFileType = wrapper.framework; name = SwiftUI.framework; path = System/Library/Frameworks/SwiftUI.framework; sourceTree = SDKROOT; };
		65D105452FD5A11C00081EB7 /* cueLiveActivityExtension.entitlements */ = {isa = PBXFileReference; lastKnownFileType = text.plist.entitlements; path = cueLiveActivityExtension.entitlements; sourceTree = "<group>"; };
		AAAAAAAA0000000000000001 /* Cue.storekit */ = {isa = PBXFileReference; lastKnownFileType = text; path = Cue.storekit; sourceTree = "<group>"; };
/* End PBXFileReference section */

/* Begin PBXFileSystemSynchronizedBuildFileExceptionSet section */
		65D1030C2FD032C000081EB7 /* Exceptions for "cueLiveActivity" folder in "cueLiveActivityExtension" target */ = {
			isa = PBXFileSystemSynchronizedBuildFileExceptionSet;
			membershipExceptions = (
				Info.plist,
			);
			target = 65D102F12FD032BD00081EB7 /* cueLiveActivityExtension */;
		};
		65D105422FD07A7600081EB7 /* Exceptions for "cue" folder in "cueLiveActivityExtension" target */ = {
			isa = PBXFileSystemSynchronizedBuildFileExceptionSet;
			membershipExceptions = (
				"Presentation/DesignSystem/Foundation/Color+Hex.swift",
				Presentation/DesignSystem/Foundation/Spacing.swift,
				Shared/AppGroup/SharedAppGroup.swift,
				Shared/Calendar/DaySpan.swift,
				"Shared/Calendar/EKEvent+Holiday.swift",
				Shared/Calendar/HolidayEventPolicy.swift,
				"Shared/LiveActivity/Activity+LiveHandle.swift",
				Shared/LiveActivity/CompleteReminderIntent.swift,
				Shared/LiveActivity/FocusAlarmIntents.swift,
				Shared/LiveActivity/FocusAlarmMetadata.swift,
				Shared/LiveActivity/FocusAlarmPlan.swift,
				Shared/LiveActivity/FocusAlarmScheduling.swift,
				Shared/LiveActivity/FocusCountdownFormat.swift,
				Shared/LiveActivity/LiveActivityAnalyticsBridge.swift,
				Shared/LiveActivity/LiveActivityHandlePicker.swift,
				Shared/LiveActivity/LiveDayEventDots.swift,
				Shared/LiveActivity/LiveEventItem.swift,
				Shared/LiveActivity/LiveMonthCalendar.swift,
				Shared/LiveActivity/LiveMonthCalendarProvider.swift,
				Shared/LiveActivity/LiveMonthDot.swift,
				Shared/LiveActivity/LiveReminderItem.swift,
				Shared/LiveActivity/LiveScheduleDay.swift,
				Shared/LiveActivity/MemoLiveActivityAttributes.swift,
				Shared/LiveActivity/MonthCalendarGrid.swift,
				Shared/LiveActivity/ReminderDynamicIsland.swift,
				Shared/LiveActivity/ReminderLiveActivityAttributes.swift,
				Shared/LiveActivity/ScheduleLiveActivityAttributes.swift,
				Shared/LiveActivity/SchedulePacker.swift,
				Shared/LiveActivity/ScheduleTimeText.swift,
				Shared/LiveActivity/ShiftCalendarMonthIntent.swift,
				Shared/Widget/AllDayStripLimits.swift,
				Shared/Widget/CalendarWidgetKind.swift,
				Shared/Widget/DayTimelineLayout.swift,
				Shared/Widget/DayTimelineMetrics.swift,
				Shared/Widget/ISOWeekNumber.swift,
				Shared/Widget/MonthWeekPacker.swift,
				Shared/Widget/MonthWidgetMetrics.swift,
				Shared/Widget/MonthWidgetPacker.swift,
				Shared/Widget/ShiftWidgetRangeIntent.swift,
				Shared/Widget/WidgetCalendarDataSource.swift,
				Shared/Widget/WidgetCalendarItem.swift,
				Shared/Widget/WidgetCalendarSample.swift,
				Shared/Widget/WidgetChipContrast.swift,
				Shared/Widget/WidgetRangeOffsetStore.swift,
			);
			target = 65D102F12FD032BD00081EB7 /* cueLiveActivityExtension */;
		};
/* End PBXFileSystemSynchronizedBuildFileExceptionSet section */

/* Begin PBXFileSystemSynchronizedRootGroup section */
		6579AF562FBDEB7700393459 /* cue */ = {
			isa = PBXFileSystemSynchronizedRootGroup;
			exceptions = (
				65D105422FD07A7600081EB7 /* Exceptions for "cue" folder in "cueLiveActivityExtension" target */,
			);
			path = cue;
			sourceTree = "<group>";
		};
		6579AF642FBDEB7800393459 /* cueTests */ = {
			isa = PBXFileSystemSynchronizedRootGroup;
			path = cueTests;
			sourceTree = "<group>";
		};
		65D102F82FD032BE00081EB7 /* cueLiveActivity */ = {
			isa = PBXFileSystemSynchronizedRootGroup;
			exceptions = (
				65D1030C2FD032C000081EB7 /* Exceptions for "cueLiveActivity" folder in "cueLiveActivityExtension" target */,
			);
			path = cueLiveActivity;
			sourceTree = "<group>";
		};
/* End PBXFileSystemSynchronizedRootGroup section */

/* Begin PBXFrameworksBuildPhase section */
		6579AF512FBDEB7600393459 /* Frameworks */ = {
			isa = PBXFrameworksBuildPhase;
			buildActionMask = 2147483647;
			files = (
				6502F8E0300B6BFC005D2A64 /* FirebaseAnalytics in Frameworks */,
				6502F8E2300B6BFC005D2A64 /* FirebaseRemoteConfig in Frameworks */,
			);
			runOnlyForDeploymentPostprocessing = 0;
		};
		6579AF5E2FBDEB7800393459 /* Frameworks */ = {
			isa = PBXFrameworksBuildPhase;
			buildActionMask = 2147483647;
			files = (
			);
			runOnlyForDeploymentPostprocessing = 0;
		};
		65D102EF2FD032BD00081EB7 /* Frameworks */ = {
			isa = PBXFrameworksBuildPhase;
			buildActionMask = 2147483647;
			files = (
				65D102F72FD032BE00081EB7 /* SwiftUI.framework in Frameworks */,
				65D102F52FD032BD00081EB7 /* WidgetKit.framework in Frameworks */,
			);
			runOnlyForDeploymentPostprocessing = 0;
		};
/* End PBXFrameworksBuildPhase section */

/* Begin PBXGroup section */
		6579AF4B2FBDEB7600393459 = {
			isa = PBXGroup;
			children = (
				65D105452FD5A11C00081EB7 /* cueLiveActivityExtension.entitlements */,
				AAAAAAAA0000000000000001 /* Cue.storekit */,
				6579AF562FBDEB7700393459 /* cue */,
				6579AF642FBDEB7800393459 /* cueTests */,
				65D102F82FD032BE00081EB7 /* cueLiveActivity */,
				65D102F32FD032BD00081EB7 /* Frameworks */,
				6579AF552FBDEB7700393459 /* Products */,
			);
			sourceTree = "<group>";
		};
		6579AF552FBDEB7700393459 /* Products */ = {
			isa = PBXGroup;
			children = (
				6579AF542FBDEB7700393459 /* cue.app */,
				6579AF612FBDEB7800393459 /* cueTests.xctest */,
				65D102F22FD032BD00081EB7 /* cueLiveActivityExtension.appex */,
			);
			name = Products;
			sourceTree = "<group>";
		};
		65D102F32FD032BD00081EB7 /* Frameworks */ = {
			isa = PBXGroup;
			children = (
				65D102F42FD032BD00081EB7 /* WidgetKit.framework */,
				65D102F62FD032BD00081EB7 /* SwiftUI.framework */,
			);
			name = Frameworks;
			sourceTree = "<group>";
		};
/* End PBXGroup section */

/* Begin PBXNativeTarget section */
		6579AF532FBDEB7600393459 /* cue */ = {
			isa = PBXNativeTarget;
			buildConfigurationList = 6579AF752FBDEB7800393459 /* Build configuration list for PBXNativeTarget "cue" */;
			buildPhases = (
				6579AF502FBDEB7600393459 /* Sources */,
				6579AF512FBDEB7600393459 /* Frameworks */,
				6579AF522FBDEB7600393459 /* Resources */,
				65D103092FD032C000081EB7 /* Embed Foundation Extensions */,
			);
			buildRules = (
			);
			dependencies = (
				65D103072FD032C000081EB7 /* PBXTargetDependency */,
			);
			fileSystemSynchronizedGroups = (
				6579AF562FBDEB7700393459 /* cue */,
			);
			name = cue;
			packageProductDependencies = (
				6502F8DF300B6BFC005D2A64 /* FirebaseAnalytics */,
				6502F8E1300B6BFC005D2A64 /* FirebaseRemoteConfig */,
			);
			productName = cue;
			productReference = 6579AF542FBDEB7700393459 /* cue.app */;
			productType = "com.apple.product-type.application";
		};
		6579AF602FBDEB7800393459 /* cueTests */ = {
			isa = PBXNativeTarget;
			buildConfigurationList = 6579AF782FBDEB7800393459 /* Build configuration list for PBXNativeTarget "cueTests" */;
			buildPhases = (
				6579AF5D2FBDEB7800393459 /* Sources */,
				6579AF5E2FBDEB7800393459 /* Frameworks */,
				6579AF5F2FBDEB7800393459 /* Resources */,
			);
			buildRules = (
			);
			dependencies = (
				6579AF632FBDEB7800393459 /* PBXTargetDependency */,
			);
			fileSystemSynchronizedGroups = (
				6579AF642FBDEB7800393459 /* cueTests */,
			);
			name = cueTests;
			packageProductDependencies = (
			);
			productName = cueTests;
			productReference = 6579AF612FBDEB7800393459 /* cueTests.xctest */;
			productType = "com.apple.product-type.bundle.unit-test";
		};
		65D102F12FD032BD00081EB7 /* cueLiveActivityExtension */ = {
			isa = PBXNativeTarget;
			buildConfigurationList = 65D1030D2FD032C000081EB7 /* Build configuration list for PBXNativeTarget "cueLiveActivityExtension" */;
			buildPhases = (
				65D102EE2FD032BD00081EB7 /* Sources */,
				65D102EF2FD032BD00081EB7 /* Frameworks */,
				65D102F02FD032BD00081EB7 /* Resources */,
			);
			buildRules = (
			);
			dependencies = (
			);
			fileSystemSynchronizedGroups = (
				65D102F82FD032BE00081EB7 /* cueLiveActivity */,
			);
			name = cueLiveActivityExtension;
			packageProductDependencies = (
			);
			productName = cueLiveActivityExtension;
			productReference = 65D102F22FD032BD00081EB7 /* cueLiveActivityExtension.appex */;
			productType = "com.apple.product-type.app-extension";
		};
/* End PBXNativeTarget section */

/* Begin PBXProject section */
		6579AF4C2FBDEB7600393459 /* Project object */ = {
			isa = PBXProject;
			attributes = {
				BuildIndependentTargetsInParallel = 1;
				LastSwiftUpdateCheck = 2650;
				LastUpgradeCheck = 2650;
				TargetAttributes = {
					6579AF532FBDEB7600393459 = {
						CreatedOnToolsVersion = 26.5;
					};
					6579AF602FBDEB7800393459 = {
						CreatedOnToolsVersion = 26.5;
						TestTargetID = 6579AF532FBDEB7600393459;
					};
					65D102F12FD032BD00081EB7 = {
						CreatedOnToolsVersion = 26.5;
					};
				};
			};
			buildConfigurationList = 6579AF4F2FBDEB7600393459 /* Build configuration list for PBXProject "cue" */;
			developmentRegion = en;
			hasScannedForEncodings = 0;
			knownRegions = (
				en,
				Base,
				ko,
				ja,
				"zh-Hans",
				"zh-Hant",
				es,
				de,
				fr,
				it,
				"pt-BR",
				ru,
				ar,
				hi,
				id,
				ms,
				th,
				vi,
			);
			mainGroup = 6579AF4B2FBDEB7600393459;
			minimizedProjectReferenceProxies = 1;
			packageReferences = (
				6502F8DE300B6BFC005D2A64 /* XCRemoteSwiftPackageReference "firebase-ios-sdk" */,
			);
			preferredProjectObjectVersion = 77;
			productRefGroup = 6579AF552FBDEB7700393459 /* Products */;
			projectDirPath = "";
			projectRoot = "";
			targets = (
				6579AF532FBDEB7600393459 /* cue */,
				6579AF602FBDEB7800393459 /* cueTests */,
				65D102F12FD032BD00081EB7 /* cueLiveActivityExtension */,
			);
		};
/* End PBXProject section */

/* Begin PBXResourcesBuildPhase section */
		6579AF522FBDEB7600393459 /* Resources */ = {
			isa = PBXResourcesBuildPhase;
			buildActionMask = 2147483647;
			files = (
			);
			runOnlyForDeploymentPostprocessing = 0;
		};
		6579AF5F2FBDEB7800393459 /* Resources */ = {
			isa = PBXResourcesBuildPhase;
			buildActionMask = 2147483647;
			files = (
			);
			runOnlyForDeploymentPostprocessing = 0;
		};
		65D102F02FD032BD00081EB7 /* Resources */ = {
			isa = PBXResourcesBuildPhase;
			buildActionMask = 2147483647;
			files = (
			);
			runOnlyForDeploymentPostprocessing = 0;
		};
/* End PBXResourcesBuildPhase section */

/* Begin PBXSourcesBuildPhase section */
		6579AF502FBDEB7600393459 /* Sources */ = {
			isa = PBXSourcesBuildPhase;
			buildActionMask = 2147483647;
			files = (
			);
			runOnlyForDeploymentPostprocessing = 0;
		};
		6579AF5D2FBDEB7800393459 /* Sources */ = {
			isa = PBXSourcesBuildPhase;
			buildActionMask = 2147483647;
			files = (
			);
			runOnlyForDeploymentPostprocessing = 0;
		};
		65D102EE2FD032BD00081EB7 /* Sources */ = {
			isa = PBXSourcesBuildPhase;
			buildActionMask = 2147483647;
			files = (
			);
			runOnlyForDeploymentPostprocessing = 0;
		};
/* End PBXSourcesBuildPhase section */

/* Begin PBXTargetDependency section */
		6579AF632FBDEB7800393459 /* PBXTargetDependency */ = {
			isa = PBXTargetDependency;
			target = 6579AF532FBDEB7600393459 /* cue */;
			targetProxy = 6579AF622FBDEB7800393459 /* PBXContainerItemProxy */;
		};
		65D103072FD032C000081EB7 /* PBXTargetDependency */ = {
			isa = PBXTargetDependency;
			target = 65D102F12FD032BD00081EB7 /* cueLiveActivityExtension */;
			targetProxy = 65D103062FD032C000081EB7 /* PBXContainerItemProxy */;
		};
/* End PBXTargetDependency section */

/* Begin XCBuildConfiguration section */
		6579AF732FBDEB7800393459 /* Debug */ = {
			isa = XCBuildConfiguration;
			buildSettings = {
				ALWAYS_SEARCH_USER_PATHS = NO;
				ASSETCATALOG_COMPILER_GENERATE_SWIFT_ASSET_SYMBOL_EXTENSIONS = YES;
				CLANG_ANALYZER_NONNULL = YES;
				CLANG_ANALYZER_NUMBER_OBJECT_CONVERSION = YES_AGGRESSIVE;
				CLANG_CXX_LANGUAGE_STANDARD = "gnu++20";
				CLANG_ENABLE_MODULES = YES;
				CLANG_ENABLE_OBJC_ARC = YES;
				CLANG_ENABLE_OBJC_WEAK = YES;
				CLANG_WARN_BLOCK_CAPTURE_AUTORELEASING = YES;
				CLANG_WARN_BOOL_CONVERSION = YES;
				CLANG_WARN_COMMA = YES;
				CLANG_WARN_CONSTANT_CONVERSION = YES;
				CLANG_WARN_DEPRECATED_OBJC_IMPLEMENTATIONS = YES;
				CLANG_WARN_DIRECT_OBJC_ISA_USAGE = YES_ERROR;
				CLANG_WARN_DOCUMENTATION_COMMENTS = YES;
				CLANG_WARN_EMPTY_BODY = YES;
				CLANG_WARN_ENUM_CONVERSION = YES;
				CLANG_WARN_INFINITE_RECURSION = YES;
				CLANG_WARN_INT_CONVERSION = YES;
				CLANG_WARN_NON_LITERAL_NULL_CONVERSION = YES;
				CLANG_WARN_OBJC_IMPLICIT_RETAIN_SELF = YES;
				CLANG_WARN_OBJC_LITERAL_CONVERSION = YES;
				CLANG_WARN_OBJC_ROOT_CLASS = YES_ERROR;
				CLANG_WARN_QUOTED_INCLUDE_IN_FRAMEWORK_HEADER = YES;
				CLANG_WARN_RANGE_LOOP_ANALYSIS = YES;
				CLANG_WARN_STRICT_PROTOTYPES = YES;
				CLANG_WARN_SUSPICIOUS_MOVE = YES;
				CLANG_WARN_UNGUARDED_AVAILABILITY = YES_AGGRESSIVE;
				CLANG_WARN_UNREACHABLE_CODE = YES;
				CLANG_WARN__DUPLICATE_METHOD_MATCH = YES;
				COPY_PHASE_STRIP = NO;
				DEBUG_INFORMATION_FORMAT = dwarf;
				DEVELOPMENT_TEAM = F92UQYH2RA;
				ENABLE_STRICT_OBJC_MSGSEND = YES;
				ENABLE_TESTABILITY = YES;
				ENABLE_USER_SCRIPT_SANDBOXING = YES;
				GCC_C_LANGUAGE_STANDARD = gnu17;
				GCC_DYNAMIC_NO_PIC = NO;
				GCC_NO_COMMON_BLOCKS = YES;
				GCC_OPTIMIZATION_LEVEL = 0;
				GCC_PREPROCESSOR_DEFINITIONS = (
					"DEBUG=1",
					"$(inherited)",
				);
				GCC_WARN_64_TO_32_BIT_CONVERSION = YES;
				GCC_WARN_ABOUT_RETURN_TYPE = YES_ERROR;
				GCC_WARN_UNDECLARED_SELECTOR = YES;
				GCC_WARN_UNINITIALIZED_AUTOS = YES_AGGRESSIVE;
				GCC_WARN_UNUSED_FUNCTION = YES;
				GCC_WARN_UNUSED_VARIABLE = YES;
				IPHONEOS_DEPLOYMENT_TARGET = 26.1;
				LOCALIZATION_PREFERS_STRING_CATALOGS = YES;
				MTL_ENABLE_DEBUG_INFO = INCLUDE_SOURCE;
				MTL_FAST_MATH = YES;
				ONLY_ACTIVE_ARCH = YES;
				SDKROOT = iphoneos;
				SWIFT_ACTIVE_COMPILATION_CONDITIONS = "DEBUG $(inherited)";
				SWIFT_OPTIMIZATION_LEVEL = "-Onone";
			};
			name = Debug;
		};
		6579AF742FBDEB7800393459 /* Release */ = {
			isa = XCBuildConfiguration;
			buildSettings = {
				ALWAYS_SEARCH_USER_PATHS = NO;
				ASSETCATALOG_COMPILER_GENERATE_SWIFT_ASSET_SYMBOL_EXTENSIONS = YES;
				CLANG_ANALYZER_NONNULL = YES;
				CLANG_ANALYZER_NUMBER_OBJECT_CONVERSION = YES_AGGRESSIVE;
				CLANG_CXX_LANGUAGE_STANDARD = "gnu++20";
				CLANG_ENABLE_MODULES = YES;
				CLANG_ENABLE_OBJC_ARC = YES;
				CLANG_ENABLE_OBJC_WEAK = YES;
				CLANG_WARN_BLOCK_CAPTURE_AUTORELEASING = YES;
				CLANG_WARN_BOOL_CONVERSION = YES;
				CLANG_WARN_COMMA = YES;
				CLANG_WARN_CONSTANT_CONVERSION = YES;
				CLANG_WARN_DEPRECATED_OBJC_IMPLEMENTATIONS = YES;
				CLANG_WARN_DIRECT_OBJC_ISA_USAGE = YES_ERROR;
				CLANG_WARN_DOCUMENTATION_COMMENTS = YES;
				CLANG_WARN_EMPTY_BODY = YES;
				CLANG_WARN_ENUM_CONVERSION = YES;
				CLANG_WARN_INFINITE_RECURSION = YES;
				CLANG_WARN_INT_CONVERSION = YES;
				CLANG_WARN_NON_LITERAL_NULL_CONVERSION = YES;
				CLANG_WARN_OBJC_IMPLICIT_RETAIN_SELF = YES;
				CLANG_WARN_OBJC_LITERAL_CONVERSION = YES;
				CLANG_WARN_OBJC_ROOT_CLASS = YES_ERROR;
				CLANG_WARN_QUOTED_INCLUDE_IN_FRAMEWORK_HEADER = YES;
				CLANG_WARN_RANGE_LOOP_ANALYSIS = YES;
				CLANG_WARN_STRICT_PROTOTYPES = YES;
				CLANG_WARN_SUSPICIOUS_MOVE = YES;
				CLANG_WARN_UNGUARDED_AVAILABILITY = YES_AGGRESSIVE;
				CLANG_WARN_UNREACHABLE_CODE = YES;
				CLANG_WARN__DUPLICATE_METHOD_MATCH = YES;
				COPY_PHASE_STRIP = NO;
				DEBUG_INFORMATION_FORMAT = "dwarf-with-dsym";
				DEVELOPMENT_TEAM = F92UQYH2RA;
				ENABLE_NS_ASSERTIONS = NO;
				ENABLE_STRICT_OBJC_MSGSEND = YES;
				ENABLE_USER_SCRIPT_SANDBOXING = YES;
				GCC_C_LANGUAGE_STANDARD = gnu17;
				GCC_NO_COMMON_BLOCKS = YES;
				GCC_WARN_64_TO_32_BIT_CONVERSION = YES;
				GCC_WARN_ABOUT_RETURN_TYPE = YES_ERROR;
				GCC_WARN_UNDECLARED_SELECTOR = YES;
				GCC_WARN_UNINITIALIZED_AUTOS = YES_AGGRESSIVE;
				GCC_WARN_UNUSED_FUNCTION = YES;
				GCC_WARN_UNUSED_VARIABLE = YES;
				IPHONEOS_DEPLOYMENT_TARGET = 26.1;
				LOCALIZATION_PREFERS_STRING_CATALOGS = YES;
				MTL_ENABLE_DEBUG_INFO = NO;
				MTL_FAST_MATH = YES;
				SDKROOT = iphoneos;
				SWIFT_COMPILATION_MODE = wholemodule;
				VALIDATE_PRODUCT = YES;
			};
			name = Release;
		};
		6579AF762FBDEB7800393459 /* Debug */ = {
			isa = XCBuildConfiguration;
			buildSettings = {
				ASSETCATALOG_COMPILER_APPICON_NAME = AppIcon;
				ASSETCATALOG_COMPILER_GLOBAL_ACCENT_COLOR_NAME = AccentColor;
				CODE_SIGN_ENTITLEMENTS = cue/cue.entitlements;
				CODE_SIGN_IDENTITY = "Apple Development";
				CODE_SIGN_STYLE = Automatic;
				CURRENT_PROJECT_VERSION = 1;
				DEVELOPMENT_TEAM = F92UQYH2RA;
				ENABLE_PREVIEWS = YES;
				GENERATE_INFOPLIST_FILE = YES;
				INFOPLIST_FILE = "cue-Info.plist";
				INFOPLIST_KEY_CFBundleDisplayName = Cue;
				INFOPLIST_KEY_ITSAppUsesNonExemptEncryption = NO;
				INFOPLIST_KEY_NSCalendarsFullAccessUsageDescription = "Cue needs access to view and create your iOS Calendar events.";
				INFOPLIST_KEY_NSLocationWhenInUseUsageDescription = "Cue uses your location to add your current location to an event.";
				INFOPLIST_KEY_NSRemindersFullAccessUsageDescription = "Cue needs access to view and manage your iOS Reminders.";
				INFOPLIST_KEY_NSSupportsLiveActivities = YES;
				INFOPLIST_KEY_UIApplicationSceneManifest_Generation = YES;
				INFOPLIST_KEY_UIApplicationSupportsIndirectInputEvents = YES;
				INFOPLIST_KEY_UILaunchScreen_Generation = YES;
				INFOPLIST_KEY_UISupportedInterfaceOrientations = "UIInterfaceOrientationPortrait UIInterfaceOrientationPortraitUpsideDown";
				INFOPLIST_KEY_UISupportedInterfaceOrientations_iPad = UIInterfaceOrientationPortrait;
				IPHONEOS_DEPLOYMENT_TARGET = 26.1;
				LD_RUNPATH_SEARCH_PATHS = (
					"$(inherited)",
					"@executable_path/Frameworks",
				);
				MARKETING_VERSION = 1.0.7;
				PRODUCT_BUNDLE_IDENTIFIER = azhy.cue;
				PRODUCT_NAME = "$(TARGET_NAME)";
				PROVISIONING_PROFILE_SPECIFIER = "";
				STRING_CATALOG_GENERATE_SYMBOLS = YES;
				SUPPORTED_PLATFORMS = "iphoneos iphonesimulator";
				SUPPORTS_MACCATALYST = NO;
				SUPPORTS_MAC_DESIGNED_FOR_IPHONE_IPAD = NO;
				SUPPORTS_XR_DESIGNED_FOR_IPHONE_IPAD = NO;
				SWIFT_APPROACHABLE_CONCURRENCY = YES;
				SWIFT_DEFAULT_ACTOR_ISOLATION = nonisolated;
				SWIFT_EMIT_LOC_STRINGS = YES;
				SWIFT_UPCOMING_FEATURE_MEMBER_IMPORT_VISIBILITY = YES;
				SWIFT_VERSION = 6.0;
				TARGETED_DEVICE_FAMILY = 1;
			};
			name = Debug;
		};
		6579AF772FBDEB7800393459 /* Release */ = {
			isa = XCBuildConfiguration;
			buildSettings = {
				ASSETCATALOG_COMPILER_APPICON_NAME = AppIcon;
				ASSETCATALOG_COMPILER_GLOBAL_ACCENT_COLOR_NAME = AccentColor;
				CODE_SIGN_ENTITLEMENTS = cue/cue.entitlements;
				CODE_SIGN_IDENTITY = "Apple Development";
				CODE_SIGN_STYLE = Automatic;
				CURRENT_PROJECT_VERSION = 1;
				DEVELOPMENT_TEAM = F92UQYH2RA;
				ENABLE_PREVIEWS = YES;
				GENERATE_INFOPLIST_FILE = YES;
				INFOPLIST_FILE = "cue-Info.plist";
				INFOPLIST_KEY_CFBundleDisplayName = Cue;
				INFOPLIST_KEY_ITSAppUsesNonExemptEncryption = NO;
				INFOPLIST_KEY_NSCalendarsFullAccessUsageDescription = "Cue needs access to view and create your iOS Calendar events.";
				INFOPLIST_KEY_NSLocationWhenInUseUsageDescription = "Cue uses your location to add your current location to an event.";
				INFOPLIST_KEY_NSRemindersFullAccessUsageDescription = "Cue needs access to view and manage your iOS Reminders.";
				INFOPLIST_KEY_NSSupportsLiveActivities = YES;
				INFOPLIST_KEY_UIApplicationSceneManifest_Generation = YES;
				INFOPLIST_KEY_UIApplicationSupportsIndirectInputEvents = YES;
				INFOPLIST_KEY_UILaunchScreen_Generation = YES;
				INFOPLIST_KEY_UISupportedInterfaceOrientations = "UIInterfaceOrientationPortrait UIInterfaceOrientationPortraitUpsideDown";
				INFOPLIST_KEY_UISupportedInterfaceOrientations_iPad = UIInterfaceOrientationPortrait;
				IPHONEOS_DEPLOYMENT_TARGET = 26.1;
				LD_RUNPATH_SEARCH_PATHS = (
					"$(inherited)",
					"@executable_path/Frameworks",
				);
				MARKETING_VERSION = 1.0.7;
				PRODUCT_BUNDLE_IDENTIFIER = azhy.cue;
				PRODUCT_NAME = "$(TARGET_NAME)";
				PROVISIONING_PROFILE_SPECIFIER = "";
				STRING_CATALOG_GENERATE_SYMBOLS = YES;
				SUPPORTED_PLATFORMS = "iphoneos iphonesimulator";
				SUPPORTS_MACCATALYST = NO;
				SUPPORTS_MAC_DESIGNED_FOR_IPHONE_IPAD = NO;
				SUPPORTS_XR_DESIGNED_FOR_IPHONE_IPAD = NO;
				SWIFT_APPROACHABLE_CONCURRENCY = YES;
				SWIFT_DEFAULT_ACTOR_ISOLATION = nonisolated;
				SWIFT_EMIT_LOC_STRINGS = YES;
				SWIFT_UPCOMING_FEATURE_MEMBER_IMPORT_VISIBILITY = YES;
				SWIFT_VERSION = 6.0;
				TARGETED_DEVICE_FAMILY = 1;
			};
			name = Release;
		};
		6579AF792FBDEB7800393459 /* Debug */ = {
			isa = XCBuildConfiguration;
			buildSettings = {
				BUNDLE_LOADER = "$(TEST_HOST)";
				CODE_SIGN_STYLE = Automatic;
				CURRENT_PROJECT_VERSION = 1;
				DEVELOPMENT_TEAM = F92UQYH2RA;
				GENERATE_INFOPLIST_FILE = YES;
				IPHONEOS_DEPLOYMENT_TARGET = 26.1;
				MARKETING_VERSION = 1.0;
				PRODUCT_BUNDLE_IDENTIFIER = azhy.cueTests;
				PRODUCT_NAME = "$(TARGET_NAME)";
				STRING_CATALOG_GENERATE_SYMBOLS = NO;
				SUPPORTED_PLATFORMS = "iphoneos iphonesimulator";
				SUPPORTS_MACCATALYST = NO;
				SUPPORTS_MAC_DESIGNED_FOR_IPHONE_IPAD = NO;
				SUPPORTS_XR_DESIGNED_FOR_IPHONE_IPAD = NO;
				SWIFT_APPROACHABLE_CONCURRENCY = YES;
				SWIFT_EMIT_LOC_STRINGS = NO;
				SWIFT_UPCOMING_FEATURE_MEMBER_IMPORT_VISIBILITY = YES;
				SWIFT_VERSION = 6.0;
				TARGETED_DEVICE_FAMILY = 1;
				TEST_HOST = "$(BUILT_PRODUCTS_DIR)/cue.app/$(BUNDLE_EXECUTABLE_FOLDER_PATH)/cue";
			};
			name = Debug;
		};
		6579AF7A2FBDEB7800393459 /* Release */ = {
			isa = XCBuildConfiguration;
			buildSettings = {
				BUNDLE_LOADER = "$(TEST_HOST)";
				CODE_SIGN_STYLE = Automatic;
				CURRENT_PROJECT_VERSION = 1;
				DEVELOPMENT_TEAM = F92UQYH2RA;
				GENERATE_INFOPLIST_FILE = YES;
				IPHONEOS_DEPLOYMENT_TARGET = 26.1;
				MARKETING_VERSION = 1.0;
				PRODUCT_BUNDLE_IDENTIFIER = azhy.cueTests;
				PRODUCT_NAME = "$(TARGET_NAME)";
				STRING_CATALOG_GENERATE_SYMBOLS = NO;
				SUPPORTED_PLATFORMS = "iphoneos iphonesimulator";
				SUPPORTS_MACCATALYST = NO;
				SUPPORTS_MAC_DESIGNED_FOR_IPHONE_IPAD = NO;
				SUPPORTS_XR_DESIGNED_FOR_IPHONE_IPAD = NO;
				SWIFT_APPROACHABLE_CONCURRENCY = YES;
				SWIFT_EMIT_LOC_STRINGS = NO;
				SWIFT_UPCOMING_FEATURE_MEMBER_IMPORT_VISIBILITY = YES;
				SWIFT_VERSION = 6.0;
				TARGETED_DEVICE_FAMILY = 1;
				TEST_HOST = "$(BUILT_PRODUCTS_DIR)/cue.app/$(BUNDLE_EXECUTABLE_FOLDER_PATH)/cue";
			};
			name = Release;
		};
		65D1030A2FD032C000081EB7 /* Debug */ = {
			isa = XCBuildConfiguration;
			buildSettings = {
				ASSETCATALOG_COMPILER_GLOBAL_ACCENT_COLOR_NAME = AccentColor;
				ASSETCATALOG_COMPILER_WIDGET_BACKGROUND_COLOR_NAME = WidgetBackground;
				CODE_SIGN_ENTITLEMENTS = cueLiveActivityExtension.entitlements;
				CODE_SIGN_STYLE = Automatic;
				CURRENT_PROJECT_VERSION = 1;
				DEVELOPMENT_TEAM = F92UQYH2RA;
				GENERATE_INFOPLIST_FILE = YES;
				INFOPLIST_FILE = cueLiveActivity/Info.plist;
				INFOPLIST_KEY_CFBundleDisplayName = cueLiveActivity;
				INFOPLIST_KEY_NSCalendarsFullAccessUsageDescription = "Cue needs access to view and create your iOS Calendar events.";
				INFOPLIST_KEY_NSHumanReadableCopyright = "";
				INFOPLIST_KEY_NSRemindersFullAccessUsageDescription = "Cue needs access to view and manage your iOS Reminders.";
				IPHONEOS_DEPLOYMENT_TARGET = 26.1;
				LD_RUNPATH_SEARCH_PATHS = (
					"$(inherited)",
					"@executable_path/Frameworks",
					"@executable_path/../../Frameworks",
				);
				MARKETING_VERSION = 1.0.7;
				PRODUCT_BUNDLE_IDENTIFIER = azhy.cue.cueLiveActivity;
				PRODUCT_NAME = "$(TARGET_NAME)";
				SKIP_INSTALL = YES;
				STRING_CATALOG_GENERATE_SYMBOLS = YES;
				SUPPORTED_PLATFORMS = "iphoneos iphonesimulator";
				SUPPORTS_MACCATALYST = NO;
				SUPPORTS_MAC_DESIGNED_FOR_IPHONE_IPAD = NO;
				SUPPORTS_XR_DESIGNED_FOR_IPHONE_IPAD = NO;
				SWIFT_APPROACHABLE_CONCURRENCY = YES;
				SWIFT_EMIT_LOC_STRINGS = YES;
				SWIFT_UPCOMING_FEATURE_MEMBER_IMPORT_VISIBILITY = YES;
				SWIFT_VERSION = 5.0;
				TARGETED_DEVICE_FAMILY = 1;
			};
			name = Debug;
		};
		65D1030B2FD032C000081EB7 /* Release */ = {
			isa = XCBuildConfiguration;
			buildSettings = {
				ASSETCATALOG_COMPILER_GLOBAL_ACCENT_COLOR_NAME = AccentColor;
				ASSETCATALOG_COMPILER_WIDGET_BACKGROUND_COLOR_NAME = WidgetBackground;
				CODE_SIGN_ENTITLEMENTS = cueLiveActivityExtension.entitlements;
				CODE_SIGN_STYLE = Automatic;
				CURRENT_PROJECT_VERSION = 1;
				DEVELOPMENT_TEAM = F92UQYH2RA;
				GENERATE_INFOPLIST_FILE = YES;
				INFOPLIST_FILE = cueLiveActivity/Info.plist;
				INFOPLIST_KEY_CFBundleDisplayName = cueLiveActivity;
				INFOPLIST_KEY_NSCalendarsFullAccessUsageDescription = "Cue needs access to view and create your iOS Calendar events.";
				INFOPLIST_KEY_NSHumanReadableCopyright = "";
				INFOPLIST_KEY_NSRemindersFullAccessUsageDescription = "Cue needs access to view and manage your iOS Reminders.";
				IPHONEOS_DEPLOYMENT_TARGET = 26.1;
				LD_RUNPATH_SEARCH_PATHS = (
					"$(inherited)",
					"@executable_path/Frameworks",
					"@executable_path/../../Frameworks",
				);
				MARKETING_VERSION = 1.0.7;
				PRODUCT_BUNDLE_IDENTIFIER = azhy.cue.cueLiveActivity;
				PRODUCT_NAME = "$(TARGET_NAME)";
				SKIP_INSTALL = YES;
				STRING_CATALOG_GENERATE_SYMBOLS = YES;
				SUPPORTED_PLATFORMS = "iphoneos iphonesimulator";
				SUPPORTS_MACCATALYST = NO;
				SUPPORTS_MAC_DESIGNED_FOR_IPHONE_IPAD = NO;
				SUPPORTS_XR_DESIGNED_FOR_IPHONE_IPAD = NO;
				SWIFT_APPROACHABLE_CONCURRENCY = YES;
				SWIFT_EMIT_LOC_STRINGS = YES;
				SWIFT_UPCOMING_FEATURE_MEMBER_IMPORT_VISIBILITY = YES;
				SWIFT_VERSION = 5.0;
				TARGETED_DEVICE_FAMILY = 1;
			};
			name = Release;
		};
/* End XCBuildConfiguration section */

/* Begin XCConfigurationList section */
		6579AF4F2FBDEB7600393459 /* Build configuration list for PBXProject "cue" */ = {
			isa = XCConfigurationList;
			buildConfigurations = (
				6579AF732FBDEB7800393459 /* Debug */,
				6579AF742FBDEB7800393459 /* Release */,
			);
			defaultConfigurationIsVisible = 0;
			defaultConfigurationName = Release;
		};
		6579AF752FBDEB7800393459 /* Build configuration list for PBXNativeTarget "cue" */ = {
			isa = XCConfigurationList;
			buildConfigurations = (
				6579AF762FBDEB7800393459 /* Debug */,
				6579AF772FBDEB7800393459 /* Release */,
			);
			defaultConfigurationIsVisible = 0;
			defaultConfigurationName = Release;
		};
		6579AF782FBDEB7800393459 /* Build configuration list for PBXNativeTarget "cueTests" */ = {
			isa = XCConfigurationList;
			buildConfigurations = (
				6579AF792FBDEB7800393459 /* Debug */,
				6579AF7A2FBDEB7800393459 /* Release */,
			);
			defaultConfigurationIsVisible = 0;
			defaultConfigurationName = Release;
		};
		65D1030D2FD032C000081EB7 /* Build configuration list for PBXNativeTarget "cueLiveActivityExtension" */ = {
			isa = XCConfigurationList;
			buildConfigurations = (
				65D1030A2FD032C000081EB7 /* Debug */,
				65D1030B2FD032C000081EB7 /* Release */,
			);
			defaultConfigurationIsVisible = 0;
			defaultConfigurationName = Release;
		};
/* End XCConfigurationList section */

/* Begin XCRemoteSwiftPackageReference section */
		6502F8DE300B6BFC005D2A64 /* XCRemoteSwiftPackageReference "firebase-ios-sdk" */ = {
			isa = XCRemoteSwiftPackageReference;
			repositoryURL = "https://github.com/firebase/firebase-ios-sdk";
			requirement = {
				kind = upToNextMajorVersion;
				minimumVersion = 12.16.0;
			};
		};
/* End XCRemoteSwiftPackageReference section */

/* Begin XCSwiftPackageProductDependency section */
		6502F8DF300B6BFC005D2A64 /* FirebaseAnalytics */ = {
			isa = XCSwiftPackageProductDependency;
			package = 6502F8DE300B6BFC005D2A64 /* XCRemoteSwiftPackageReference "firebase-ios-sdk" */;
			productName = FirebaseAnalytics;
		};
		6502F8E1300B6BFC005D2A64 /* FirebaseRemoteConfig */ = {
			isa = XCSwiftPackageProductDependency;
			package = 6502F8DE300B6BFC005D2A64 /* XCRemoteSwiftPackageReference "firebase-ios-sdk" */;
			productName = FirebaseRemoteConfig;
		};
/* End XCSwiftPackageProductDependency section */
	};
	rootObject = 6579AF4C2FBDEB7600393459 /* Project object */;
}
